
Microsoft Visual Studio Solution File, Format Version 12.00
# Visual Studio Version 16
VisualStudioVersion = 16.0.29519.87
MinimumVisualStudioVersion = 10.0.40219.1
Project("{FAE04EC0-301F-11D3-BF4B-00C04F79EFBC}") = "DemoProject", "DemoProject\DemoProject.csproj", "{256C49CE-BAE7-4AA2-AC8C-6B33D9E37B93}"
EndProject
Global
	GlobalSection(SolutionConfigurationPlatforms) = preSolution
		Debug|Any CPU = Debug|Any CPU
		Release|Any CPU = Release|Any CPU
	EndGlobalSection
	GlobalSection(ProjectConfigurationPlatforms) = postSolution
		{256C49CE-BAE7-4AA2-AC8C-6B33D9E37B93}.Debug|Any CPU.ActiveCfg = Debug|Any CPU
		{256C49CE-BAE7-4AA2-AC8C-6B33D9E37B93}.Debug|Any CPU.Build.0 = Debug|Any CPU
		{256C49CE-BAE7-4AA2-AC8C-6B33D9E37B93}.Release|Any CPU.ActiveCfg = Release|Any CPU
		{256C49CE-BAE7-4AA2-AC8C-6B33D9E37B93}.Release|Any CPU.Build.0 = Release|Any CPU
	EndGlobalSection
	GlobalSection(SolutionProperties) = preSolution
		HideSolutionNode = FALSE
	EndGlobalSection
	GlobalSection(ExtensibilityGlobals) = postSolution
		SolutionGuid = {8DB6BAC5-655E-49C9-93FA-404C1545EF8C}
	EndGlobalSection
EndGlobal
